
Microsoft Visual Studio Solution File, Format Version 12.00
# Visual Studio Version 17
VisualStudioVersion = 17.11.35312.102
MinimumVisualStudioVersion = 10.0.40219.1
Project("{9A19103F-16F7-4668-BE54-9A1E7A4F7556}") = "NetworkClient", "NetworkClient\NetworkClient.csproj", "{5DFC9854-F023-43E7-8069-2C1EE33BFF68}"
EndProject
Global
	GlobalSection(SolutionConfigurationPlatforms) = preSolution
		Debug|Any CPU = Debug|Any CPU
		Release|Any CPU = Release|Any CPU
	EndGlobalSection
	GlobalSection(ProjectConfigurationPlatforms) = postSolution
		{5DFC9854-F023-43E7-8069-2C1EE33BFF68}.Debug|Any CPU.ActiveCfg = Debug|Any CPU
		{5DFC9854-F023-43E7-8069-2C1EE33BFF68}.Debug|Any CPU.Build.0 = Debug|Any CPU
		{5DFC9854-F023-43E7-8069-2C1EE33BFF68}.Release|Any CPU.ActiveCfg = Release|Any CPU
		{5DFC9854-F023-43E7-8069-2C1EE33BFF68}.Release|Any CPU.Build.0 = Release|Any CPU
	EndGlobalSection
	GlobalSection(SolutionProperties) = preSolution
		HideSolutionNode = FALSE
	EndGlobalSection
	GlobalSection(ExtensibilityGlobals) = postSolution
		SolutionGuid = {B8394BC3-1EB2-4529-B78A-CDE54A98FAFB}
	EndGlobalSection
EndGlobal
